// !$*UTF8*$!
{
	archiveVersion = 1;
	classes = {
	};
	objectVersion = 46;
	objects = {

/* Begin PBXBuildFile section */
		FC04EE00170E6958000A2F61 /* WaveformImageView.m in Sources */ = {isa = PBXBuildFile; fileRef = FC04EDFF170E6958000A2F61 /* WaveformImageView.m */; };
		FC04EE03170E6F97000A2F61 /* CoreMedia.framework in Frameworks */ = {isa = PBXBuildFile; fileRef = FC04EE02170E6F97000A2F61 /* CoreMedia.framework */; };
		FC466FB31709750B00375B30 /* UIKit.framework in Frameworks */ = {isa = PBXBuildFile; fileRef = FC466FB21709750B00375B30 /* UIKit.framework */; };
		FC466FB51709750B00375B30 /* Foundation.framework in Frameworks */ = {isa = PBXBuildFile; fileRef = FC466FB41709750B00375B30 /* Foundation.framework */; };
		FC466FB71709750B00375B30 /* CoreGraphics.framework in Frameworks */ = {isa = PBXBuildFile; fileRef = FC466FB61709750B00375B30 /* CoreGraphics.framework */; };
		FC466FBD1709750B00375B30 /* InfoPlist.strings in Resources */ = {isa = PBXBuildFile; fileRef = FC466FBB1709750B00375B30 /* InfoPlist.strings */; };
		FC466FBF1709750B00375B30 /* main.m in Sources */ = {isa = PBXBuildFile; fileRef = FC466FBE1709750B00375B30 /* main.m */; };
		FC466FC31709750B00375B30 /* SoundshopAppDelegate.m in Sources */ = {isa = PBXBuildFile; fileRef = FC466FC21709750B00375B30 /* SoundshopAppDelegate.m */; };
		FC466FC51709750B00375B30 /* Default.png in Resources */ = {isa = PBXBuildFile; fileRef = FC466FC41709750B00375B30 /* Default.png */; };
		FC466FC71709750B00375B30 /* Default@2x.png in Resources */ = {isa = PBXBuildFile; fileRef = FC466FC61709750B00375B30 /* Default@2x.png */; };
		FC466FC91709750B00375B30 /* Default-568h@2x.png in Resources */ = {isa = PBXBuildFile; fileRef = FC466FC81709750B00375B30 /* Default-568h@2x.png */; };
		FC466FCC1709750B00375B30 /* SoundshopViewController.m in Sources */ = {isa = PBXBuildFile; fileRef = FC466FCB1709750B00375B30 /* SoundshopViewController.m */; };
		FC466FCF1709750B00375B30 /* SoundshopViewController.xib in Resources */ = {isa = PBXBuildFile; fileRef = FC466FCD1709750B00375B30 /* SoundshopViewController.xib */; };
		FC466FD61709766E00375B30 /* AVFoundation.framework in Frameworks */ = {isa = PBXBuildFile; fileRef = FC466FD51709766E00375B30 /* AVFoundation.framework */; };
		FC466FE017098A4200375B30 /* images in Resources */ = {isa = PBXBuildFile; fileRef = FC466FDF17098A4200375B30 /* images */; };
		FC6929991728C40900738211 /* Stairwell1.caf in Resources */ = {isa = PBXBuildFile; fileRef = FC6929981728C40900738211 /* Stairwell1.caf */; };
		FC69299B1728F4A800738211 /* Hall1.caf in Resources */ = {isa = PBXBuildFile; fileRef = FC69299A1728F4A800738211 /* Hall1.caf */; };
		FC69299F1728F8AA00738211 /* FilterViewController.m in Sources */ = {isa = PBXBuildFile; fileRef = FC69299D1728F8AA00738211 /* FilterViewController.m */; };
		FC6929A01728F8AA00738211 /* FilterViewController.xib in Resources */ = {isa = PBXBuildFile; fileRef = FC69299E1728F8AA00738211 /* FilterViewController.xib */; };
		FC950483170A5BF500FBA19A /* MediaPlayer.framework in Frameworks */ = {isa = PBXBuildFile; fileRef = FC950482170A5BF500FBA19A /* MediaPlayer.framework */; };
		FCDE9AC6170ABE4F00B7D223 /* AudioToolbox.framework in Frameworks */ = {isa = PBXBuildFile; fileRef = FCDE9AC5170ABE4F00B7D223 /* AudioToolbox.framework */; };
		FCFA993B1720DA25002F6DED /* dsp.c in Sources */ = {isa = PBXBuildFile; fileRef = FCFA99391720DA25002F6DED /* dsp.c */; };
		FCFA993D1720DAF9002F6DED /* Accelerate.framework in Frameworks */ = {isa = PBXBuildFile; fileRef = FCFA993C1720DAF9002F6DED /* Accelerate.framework */; };
		FCFA993F1720DD85002F6DED /* CoreAudio.framework in Frameworks */ = {isa = PBXBuildFile; fileRef = FCFA993E1720DD85002F6DED /* CoreAudio.framework */; };
/* End PBXBuildFile section */

/* Begin PBXFileReference section */
		FC04EDFE170E6958000A2F61 /* WaveformImageView.h */ = {isa = PBXFileReference; fileEncoding = 4; lastKnownFileType = sourcecode.c.h; path = WaveformImageView.h; sourceTree = "<group>"; };
		FC04EDFF170E6958000A2F61 /* WaveformImageView.m */ = {isa = PBXFileReference; fileEncoding = 4; lastKnownFileType = sourcecode.c.objc; path = WaveformImageView.m; sourceTree = "<group>"; };
		FC04EE02170E6F97000A2F61 /* CoreMedia.framework */ = {isa = PBXFileReference; lastKnownFileType = wrapper.framework; name = CoreMedia.framework; path = System/Library/Frameworks/CoreMedia.framework; sourceTree = SDKROOT; };
		FC466FAE1709750B00375B30 /* Soundshop.app */ = {isa = PBXFileReference; explicitFileType = wrapper.application; includeInIndex = 0; path = Soundshop.app; sourceTree = BUILT_PRODUCTS_DIR; };
		FC466FB21709750B00375B30 /* UIKit.framework */ = {isa = PBXFileReference; lastKnownFileType = wrapper.framework; name = UIKit.framework; path = System/Library/Frameworks/UIKit.framework; sourceTree = SDKROOT; };
		FC466FB41709750B00375B30 /* Foundation.framework */ = {isa = PBXFileReference; lastKnownFileType = wrapper.framework; name = Foundation.framework; path = System/Library/Frameworks/Foundation.framework; sourceTree = SDKROOT; };
		FC466FB61709750B00375B30 /* CoreGraphics.framework */ = {isa = PBXFileReference; lastKnownFileType = wrapper.framework; name = CoreGraphics.framework; path = System/Library/Frameworks/CoreGraphics.framework; sourceTree = SDKROOT; };
		FC466FBA1709750B00375B30 /* Soundshop-Info.plist */ = {isa = PBXFileReference; lastKnownFileType = text.plist.xml; path = "Soundshop-Info.plist"; sourceTree = "<group>"; };
		FC466FBC1709750B00375B30 /* en */ = {isa = PBXFileReference; lastKnownFileType = text.plist.strings; name = en; path = en.lproj/InfoPlist.strings; sourceTree = "<group>"; };
		FC466FBE1709750B00375B30 /* main.m */ = {isa = PBXFileReference; lastKnownFileType = sourcecode.c.objc; path = main.m; sourceTree = "<group>"; };
		FC466FC01709750B00375B30 /* Soundshop-Prefix.pch */ = {isa = PBXFileReference; lastKnownFileType = sourcecode.c.h; path = "Soundshop-Prefix.pch"; sourceTree = "<group>"; };
		FC466FC11709750B00375B30 /* SoundshopAppDelegate.h */ = {isa = PBXFileReference; lastKnownFileType = sourcecode.c.h; path = SoundshopAppDelegate.h; sourceTree = "<group>"; };
		FC466FC21709750B00375B30 /* SoundshopAppDelegate.m */ = {isa = PBXFileReference; lastKnownFileType = sourcecode.c.objc; path = SoundshopAppDelegate.m; sourceTree = "<group>"; };
		FC466FC41709750B00375B30 /* Default.png */ = {isa = PBXFileReference; lastKnownFileType = image.png; path = Default.png; sourceTree = "<group>"; };
		FC466FC61709750B00375B30 /* Default@2x.png */ = {isa = PBXFileReference; lastKnownFileType = image.png; path = "Default@2x.png"; sourceTree = "<group>"; };
		FC466FC81709750B00375B30 /* Default-568h@2x.png */ = {isa = PBXFileReference; lastKnownFileType = image.png; path = "Default-568h@2x.png"; sourceTree = "<group>"; };
		FC466FCA1709750B00375B30 /* SoundshopViewController.h */ = {isa = PBXFileReference; lastKnownFileType = sourcecode.c.h; path = SoundshopViewController.h; sourceTree = "<group>"; };
		FC466FCB1709750B00375B30 /* SoundshopViewController.m */ = {isa = PBXFileReference; lastKnownFileType = sourcecode.c.objc; path = SoundshopViewController.m; sourceTree = "<group>"; };
		FC466FCE1709750B00375B30 /* en */ = {isa = PBXFileReference; lastKnownFileType = file.xib; name = en; path = en.lproj/SoundshopViewController.xib; sourceTree = "<group>"; };
		FC466FD51709766E00375B30 /* AVFoundation.framework */ = {isa = PBXFileReference; lastKnownFileType = wrapper.framework; name = AVFoundation.framework; path = System/Library/Frameworks/AVFoundation.framework; sourceTree = SDKROOT; };
		FC466FDF17098A4200375B30 /* images */ = {isa = PBXFileReference; lastKnownFileType = folder; name = images; path = Soundshop/images; sourceTree = "<group>"; };
		FC6929981728C40900738211 /* Stairwell1.caf */ = {isa = PBXFileReference; lastKnownFileType = file; path = Stairwell1.caf; sourceTree = "<group>"; };
		FC69299A1728F4A800738211 /* Hall1.caf */ = {isa = PBXFileReference; lastKnownFileType = file; path = Hall1.caf; sourceTree = "<group>"; };
		FC69299C1728F8AA00738211 /* FilterViewController.h */ = {isa = PBXFileReference; fileEncoding = 4; lastKnownFileType = sourcecode.c.h; path = FilterViewController.h; sourceTree = "<group>"; };
		FC69299D1728F8AA00738211 /* FilterViewController.m */ = {isa = PBXFileReference; fileEncoding = 4; lastKnownFileType = sourcecode.c.objc; path = FilterViewController.m; sourceTree = "<group>"; };
		FC69299E1728F8AA00738211 /* FilterViewController.xib */ = {isa = PBXFileReference; fileEncoding = 4; lastKnownFileType = file.xib; path = FilterViewController.xib; sourceTree = "<group>"; };
		FC950482170A5BF500FBA19A /* MediaPlayer.framework */ = {isa = PBXFileReference; lastKnownFileType = wrapper.framework; name = MediaPlayer.framework; path = System/Library/Frameworks/MediaPlayer.framework; sourceTree = SDKROOT; };
		FCDE9AC5170ABE4F00B7D223 /* AudioToolbox.framework */ = {isa = PBXFileReference; lastKnownFileType = wrapper.framework; name = AudioToolbox.framework; path = System/Library/Frameworks/AudioToolbox.framework; sourceTree = SDKROOT; };
		FCFA99391720DA25002F6DED /* dsp.c */ = {isa = PBXFileReference; fileEncoding = 4; lastKnownFileType = sourcecode.c.c; path = dsp.c; sourceTree = "<group>"; };
		FCFA993A1720DA25002F6DED /* dsp.h */ = {isa = PBXFileReference; fileEncoding = 4; lastKnownFileType = sourcecode.c.h; path = dsp.h; sourceTree = "<group>"; };
		FCFA993C1720DAF9002F6DED /* Accelerate.framework */ = {isa = PBXFileReference; lastKnownFileType = wrapper.framework; name = Accelerate.framework; path = System/Library/Frameworks/Accelerate.framework; sourceTree = SDKROOT; };
		FCFA993E1720DD85002F6DED /* CoreAudio.framework */ = {isa = PBXFileReference; lastKnownFileType = wrapper.framework; name = CoreAudio.framework; path = System/Library/Frameworks/CoreAudio.framework; sourceTree = SDKROOT; };
/* End PBXFileReference section */

/* Begin PBXFrameworksBuildPhase section */
		FC466FAB1709750B00375B30 /* Frameworks */ = {
			isa = PBXFrameworksBuildPhase;
			buildActionMask = 2147483647;
			files = (
				FCFA993F1720DD85002F6DED /* CoreAudio.framework in Frameworks */,
				FCFA993D1720DAF9002F6DED /* Accelerate.framework in Frameworks */,
				FC04EE03170E6F97000A2F61 /* CoreMedia.framework in Frameworks */,
				FCDE9AC6170ABE4F00B7D223 /* AudioToolbox.framework in Frameworks */,
				FC950483170A5BF500FBA19A /* MediaPlayer.framework in Frameworks */,
				FC466FD61709766E00375B30 /* AVFoundation.framework in Frameworks */,
				FC466FB31709750B00375B30 /* UIKit.framework in Frameworks */,
				FC466FB51709750B00375B30 /* Foundation.framework in Frameworks */,
				FC466FB71709750B00375B30 /* CoreGraphics.framework in Frameworks */,
			);
			runOnlyForDeploymentPostprocessing = 0;
		};
/* End PBXFrameworksBuildPhase section */

/* Begin PBXGroup section */
		FC466FA31709750B00375B30 = {
			isa = PBXGroup;
			children = (
				FC6929961728C3F800738211 /* IR */,
				FC466FDF17098A4200375B30 /* images */,
				FC466FB81709750B00375B30 /* Soundshop */,
				FC466FB11709750B00375B30 /* Frameworks */,
				FC466FAF1709750B00375B30 /* Products */,
			);
			sourceTree = "<group>";
		};
		FC466FAF1709750B00375B30 /* Products */ = {
			isa = PBXGroup;
			children = (
				FC466FAE1709750B00375B30 /* Soundshop.app */,
			);
			name = Products;
			sourceTree = "<group>";
		};
		FC466FB11709750B00375B30 /* Frameworks */ = {
			isa = PBXGroup;
			children = (
				FCFA993E1720DD85002F6DED /* CoreAudio.framework */,
				FCFA993C1720DAF9002F6DED /* Accelerate.framework */,
				FC04EE02170E6F97000A2F61 /* CoreMedia.framework */,
				FCDE9AC5170ABE4F00B7D223 /* AudioToolbox.framework */,
				FC950482170A5BF500FBA19A /* MediaPlayer.framework */,
				FC466FD51709766E00375B30 /* AVFoundation.framework */,
				FC466FB21709750B00375B30 /* UIKit.framework */,
				FC466FB41709750B00375B30 /* Foundation.framework */,
				FC466FB61709750B00375B30 /* CoreGraphics.framework */,
			);
			name = Frameworks;
			sourceTree = "<group>";
		};
		FC466FB81709750B00375B30 /* Soundshop */ = {
			isa = PBXGroup;
			children = (
				FCFA99391720DA25002F6DED /* dsp.c */,
				FCFA993A1720DA25002F6DED /* dsp.h */,
				FC466FC11709750B00375B30 /* SoundshopAppDelegate.h */,
				FC466FC21709750B00375B30 /* SoundshopAppDelegate.m */,
				FC69299C1728F8AA00738211 /* FilterViewController.h */,
				FC69299D1728F8AA00738211 /* FilterViewController.m */,
				FC69299E1728F8AA00738211 /* FilterViewController.xib */,
				FC466FCA1709750B00375B30 /* SoundshopViewController.h */,
				FC466FCB1709750B00375B30 /* SoundshopViewController.m */,
				FC466FCD1709750B00375B30 /* SoundshopViewController.xib */,
				FC04EDFE170E6958000A2F61 /* WaveformImageView.h */,
				FC04EDFF170E6958000A2F61 /* WaveformImageView.m */,
				FC466FB91709750B00375B30 /* Supporting Files */,
			);
			path = Soundshop;
			sourceTree = "<group>";
		};
		FC466FB91709750B00375B30 /* Supporting Files */ = {
			isa = PBXGroup;
			children = (
				FC466FBA1709750B00375B30 /* Soundshop-Info.plist */,
				FC466FBB1709750B00375B30 /* InfoPlist.strings */,
				FC466FBE1709750B00375B30 /* main.m */,
				FC466FC01709750B00375B30 /* Soundshop-Prefix.pch */,
				FC466FC41709750B00375B30 /* Default.png */,
				FC466FC61709750B00375B30 /* Default@2x.png */,
				FC466FC81709750B00375B30 /* Default-568h@2x.png */,
			);
			name = "Supporting Files";
			sourceTree = "<group>";
		};
		FC6929961728C3F800738211 /* IR */ = {
			isa = PBXGroup;
			children = (
				FC69299A1728F4A800738211 /* Hall1.caf */,
				FC6929981728C40900738211 /* Stairwell1.caf */,
			);
			name = IR;
			sourceTree = "<group>";
		};
/* End PBXGroup section */

/* Begin PBXNativeTarget section */
		FC466FAD1709750B00375B30 /* Soundshop */ = {
			isa = PBXNativeTarget;
			buildConfigurationList = FC466FD21709750B00375B30 /* Build configuration list for PBXNativeTarget "Soundshop" */;
			buildPhases = (
				FC466FAA1709750B00375B30 /* Sources */,
				FC466FAB1709750B00375B30 /* Frameworks */,
				FC466FAC1709750B00375B30 /* Resources */,
			);
			buildRules = (
			);
			dependencies = (
			);
			name = Soundshop;
			productName = Soundshop;
			productReference = FC466FAE1709750B00375B30 /* Soundshop.app */;
			productType = "com.apple.product-type.application";
		};
/* End PBXNativeTarget section */

/* Begin PBXProject section */
		FC466FA51709750B00375B30 /* Project object */ = {
			isa = PBXProject;
			attributes = {
				CLASSPREFIX = Soundshop;
				LastUpgradeCheck = 0450;
				ORGANIZATIONNAME = GTCMT;
			};
			buildConfigurationList = FC466FA81709750B00375B30 /* Build configuration list for PBXProject "Soundshop" */;
			compatibilityVersion = "Xcode 3.2";
			developmentRegion = English;
			hasScannedForEncodings = 0;
			knownRegions = (
				en,
			);
			mainGroup = FC466FA31709750B00375B30;
			productRefGroup = FC466FAF1709750B00375B30 /* Products */;
			projectDirPath = "";
			projectRoot = "";
			targets = (
				FC466FAD1709750B00375B30 /* Soundshop */,
			);
		};
/* End PBXProject section */

/* Begin PBXResourcesBuildPhase section */
		FC466FAC1709750B00375B30 /* Resources */ = {
			isa = PBXResourcesBuildPhase;
			buildActionMask = 2147483647;
			files = (
				FC466FBD1709750B00375B30 /* InfoPlist.strings in Resources */,
				FC466FC51709750B00375B30 /* Default.png in Resources */,
				FC466FC71709750B00375B30 /* Default@2x.png in Resources */,
				FC466FC91709750B00375B30 /* Default-568h@2x.png in Resources */,
				FC466FCF1709750B00375B30 /* SoundshopViewController.xib in Resources */,
				FC466FE017098A4200375B30 /* images in Resources */,
				FC6929991728C40900738211 /* Stairwell1.caf in Resources */,
				FC69299B1728F4A800738211 /* Hall1.caf in Resources */,
				FC6929A01728F8AA00738211 /* FilterViewController.xib in Resources */,
			);
			runOnlyForDeploymentPostprocessing = 0;
		};
/* End PBXResourcesBuildPhase section */

/* Begin PBXSourcesBuildPhase section */
		FC466FAA1709750B00375B30 /* Sources */ = {
			isa = PBXSourcesBuildPhase;
			buildActionMask = 2147483647;
			files = (
				FC466FBF1709750B00375B30 /* main.m in Sources */,
				FC466FC31709750B00375B30 /* SoundshopAppDelegate.m in Sources */,
				FC466FCC1709750B00375B30 /* SoundshopViewController.m in Sources */,
				FC04EE00170E6958000A2F61 /* WaveformImageView.m in Sources */,
				FCFA993B1720DA25002F6DED /* dsp.c in Sources */,
				FC69299F1728F8AA00738211 /* FilterViewController.m in Sources */,
			);
			runOnlyForDeploymentPostprocessing = 0;
		};
/* End PBXSourcesBuildPhase section */

/* Begin PBXVariantGroup section */
		FC466FBB1709750B00375B30 /* InfoPlist.strings */ = {
			isa = PBXVariantGroup;
			children = (
				FC466FBC1709750B00375B30 /* en */,
			);
			name = InfoPlist.strings;
			sourceTree = "<group>";
		};
		FC466FCD1709750B00375B30 /* SoundshopViewController.xib */ = {
			isa = PBXVariantGroup;
			children = (
				FC466FCE1709750B00375B30 /* en */,
			);
			name = SoundshopViewController.xib;
			sourceTree = "<group>";
		};
/* End PBXVariantGroup section */

/* Begin XCBuildConfiguration section */
		FC466FD01709750B00375B30 /* Debug */ = {
			isa = XCBuildConfiguration;
			buildSettings = {
				ALWAYS_SEARCH_USER_PATHS = NO;
				CLANG_CXX_LANGUAGE_STANDARD = "gnu++0x";
				CLANG_CXX_LIBRARY = "libc++";
				CLANG_ENABLE_OBJC_ARC = YES;
				CLANG_WARN_EMPTY_BODY = YES;
				CLANG_WARN__DUPLICATE_METHOD_MATCH = YES;
				"CODE_SIGN_IDENTITY[sdk=iphoneos*]" = "iPhone Developer";
				COPY_PHASE_STRIP = NO;
				GCC_C_LANGUAGE_STANDARD = gnu99;
				GCC_DYNAMIC_NO_PIC = NO;
				GCC_OPTIMIZATION_LEVEL = 0;
				GCC_PREPROCESSOR_DEFINITIONS = (
					"DEBUG=1",
					"$(inherited)",
				);
				GCC_SYMBOLS_PRIVATE_EXTERN = NO;
				GCC_WARN_ABOUT_RETURN_TYPE = YES;
				GCC_WARN_UNINITIALIZED_AUTOS = YES;
				GCC_WARN_UNUSED_VARIABLE = YES;
				IPHONEOS_DEPLOYMENT_TARGET = 6.0;
				ONLY_ACTIVE_ARCH = YES;
				SDKROOT = iphoneos;
			};
			name = Debug;
		};
		FC466FD11709750B00375B30 /* Release */ = {
			isa = XCBuildConfiguration;
			buildSettings = {
				ALWAYS_SEARCH_USER_PATHS = NO;
				CLANG_CXX_LANGUAGE_STANDARD = "gnu++0x";
				CLANG_CXX_LIBRARY = "libc++";
				CLANG_ENABLE_OBJC_ARC = YES;
				CLANG_WARN_EMPTY_BODY = YES;
				CLANG_WARN__DUPLICATE_METHOD_MATCH = YES;
				"CODE_SIGN_IDENTITY[sdk=iphoneos*]" = "iPhone Developer";
				COPY_PHASE_STRIP = YES;
				GCC_C_LANGUAGE_STANDARD = gnu99;
				GCC_WARN_ABOUT_RETURN_TYPE = YES;
				GCC_WARN_UNINITIALIZED_AUTOS = YES;
				GCC_WARN_UNUSED_VARIABLE = YES;
				IPHONEOS_DEPLOYMENT_TARGET = 6.0;
				OTHER_CFLAGS = "-DNS_BLOCK_ASSERTIONS=1";
				SDKROOT = iphoneos;
				VALIDATE_PRODUCT = YES;
			};
			name = Release;
		};
		FC466FD31709750B00375B30 /* Debug */ = {
			isa = XCBuildConfiguration;
			buildSettings = {
				GCC_PRECOMPILE_PREFIX_HEADER = YES;
				GCC_PREFIX_HEADER = "Soundshop/Soundshop-Prefix.pch";
				INFOPLIST_FILE = "Soundshop/Soundshop-Info.plist";
				IPHONEOS_DEPLOYMENT_TARGET = 6.0;
				PRODUCT_NAME = "$(TARGET_NAME)";
				WRAPPER_EXTENSION = app;
			};
			name = Debug;
		};
		FC466FD41709750B00375B30 /* Release */ = {
			isa = XCBuildConfiguration;
			buildSettings = {
				GCC_PRECOMPILE_PREFIX_HEADER = YES;
				GCC_PREFIX_HEADER = "Soundshop/Soundshop-Prefix.pch";
				INFOPLIST_FILE = "Soundshop/Soundshop-Info.plist";
				IPHONEOS_DEPLOYMENT_TARGET = 6.0;
				PRODUCT_NAME = "$(TARGET_NAME)";
				WRAPPER_EXTENSION = app;
			};
			name = Release;
		};
/* End XCBuildConfiguration section */

/* Begin XCConfigurationList section */
		FC466FA81709750B00375B30 /* Build configuration list for PBXProject "Soundshop" */ = {
			isa = XCConfigurationList;
			buildConfigurations = (
				FC466FD01709750B00375B30 /* Debug */,
				FC466FD11709750B00375B30 /* Release */,
			);
			defaultConfigurationIsVisible = 0;
			defaultConfigurationName = Release;
		};
		FC466FD21709750B00375B30 /* Build configuration list for PBXNativeTarget "Soundshop" */ = {
			isa = XCConfigurationList;
			buildConfigurations = (
				FC466FD31709750B00375B30 /* Debug */,
				FC466FD41709750B00375B30 /* Release */,
			);
			defaultConfigurationIsVisible = 0;
			defaultConfigurationName = Release;
		};
/* End XCConfigurationList section */
	};
	rootObject = FC466FA51709750B00375B30 /* Project object */;
}
